
Microsoft Visual Studio Solution File, Format Version 12.00
# Visual Studio Version 17
VisualStudioVersion = 17.2.32526.322
MinimumVisualStudioVersion = 10.0.40219.1
Project("{FAE04EC0-301F-11D3-BF4B-00C04F79EFBC}") = "MERCADO2.UI", "..\MERCADO2\MERCADO2.UI\MERCADO2.UI.csproj", "{8B71E1A4-1B07-4A68-BC24-6525F0E6524F}"
EndProject
Project("{FAE04EC0-301F-11D3-BF4B-00C04F79EFBC}") = "MERCADO2.Core", "..\MERCADO2\MERCADO2.Core\MERCADO2.Core.csproj", "{1933A551-AF96-4540-8B16-3DCD4BDAB9EA}"
EndProject
Global
	GlobalSection(SolutionConfigurationPlatforms) = preSolution
		Debug|Any CPU = Debug|Any CPU
		Release|Any CPU = Release|Any CPU
	EndGlobalSection
	GlobalSection(ProjectConfigurationPlatforms) = postSolution
		{8B71E1A4-1B07-4A68-BC24-6525F0E6524F}.Debug|Any CPU.ActiveCfg = Debug|Any CPU
		{8B71E1A4-1B07-4A68-BC24-6525F0E6524F}.Debug|Any CPU.Build.0 = Debug|Any CPU
		{8B71E1A4-1B07-4A68-BC24-6525F0E6524F}.Release|Any CPU.ActiveCfg = Release|Any CPU
		{8B71E1A4-1B07-4A68-BC24-6525F0E6524F}.Release|Any CPU.Build.0 = Release|Any CPU
		{1933A551-AF96-4540-8B16-3DCD4BDAB9EA}.Debug|Any CPU.ActiveCfg = Debug|Any CPU
		{1933A551-AF96-4540-8B16-3DCD4BDAB9EA}.Debug|Any CPU.Build.0 = Debug|Any CPU
		{1933A551-AF96-4540-8B16-3DCD4BDAB9EA}.Release|Any CPU.ActiveCfg = Release|Any CPU
		{1933A551-AF96-4540-8B16-3DCD4BDAB9EA}.Release|Any CPU.Build.0 = Release|Any CPU
	EndGlobalSection
	GlobalSection(SolutionProperties) = preSolution
		HideSolutionNode = FALSE
	EndGlobalSection
	GlobalSection(ExtensibilityGlobals) = postSolution
		SolutionGuid = {C89D307D-C9E5-4126-8B0F-59B58B371BA3}
	EndGlobalSection
EndGlobal
